
Microsoft Visual Studio Solution File, Format Version 12.00
# Visual Studio Version 16
VisualStudioVersion = 16.0.29905.134
MinimumVisualStudioVersion = 10.0.40219.1
Project("{FAE04EC0-301F-11D3-BF4B-00C04F79EFBC}") = "ToDo", "ToDo.csproj", "{BDB43E3A-1F4A-4830-800B-81640E75A0C1}"
EndProject
Global
	GlobalSection(SolutionConfigurationPlatforms) = preSolution
		Debug|Any CPU = Debug|Any CPU
		Release|Any CPU = Release|Any CPU
	EndGlobalSection
	GlobalSection(ProjectConfigurationPlatforms) = postSolution
		{BDB43E3A-1F4A-4830-800B-81640E75A0C1}.Debug|Any CPU.ActiveCfg = Debug|Any CPU
		{BDB43E3A-1F4A-4830-800B-81640E75A0C1}.Debug|Any CPU.Build.0 = Debug|Any CPU
		{BDB43E3A-1F4A-4830-800B-81640E75A0C1}.Release|Any CPU.ActiveCfg = Release|Any CPU
		{BDB43E3A-1F4A-4830-800B-81640E75A0C1}.Release|Any CPU.Build.0 = Release|Any CPU
	EndGlobalSection
	GlobalSection(SolutionProperties) = preSolution
		HideSolutionNode = FALSE
	EndGlobalSection
	GlobalSection(ExtensibilityGlobals) = postSolution
		SolutionGuid = {54EF2B42-0D7E-4929-A330-12EB5BC09A98}
	EndGlobalSection
EndGlobal
